
Microsoft Visual Studio Solution File, Format Version 12.00
# Visual Studio Version 17
VisualStudioVersion = 17.5.33414.496
MinimumVisualStudioVersion = 10.0.40219.1
Project("{FAE04EC0-301F-11D3-BF4B-00C04F79EFBC}") = "Levent_Kurt_Csharp", "Levent_Kurt_Csharp\Levent_Kurt_Csharp.csproj", "{57F04D5E-E454-4AC8-99E1-A8D23D04A8F1}"
EndProject
Global
	GlobalSection(SolutionConfigurationPlatforms) = preSolution
		Debug|Any CPU = Debug|Any CPU
		Release|Any CPU = Release|Any CPU
	EndGlobalSection
	GlobalSection(ProjectConfigurationPlatforms) = postSolution
		{57F04D5E-E454-4AC8-99E1-A8D23D04A8F1}.Debug|Any CPU.ActiveCfg = Debug|Any CPU
		{57F04D5E-E454-4AC8-99E1-A8D23D04A8F1}.Debug|Any CPU.Build.0 = Debug|Any CPU
		{57F04D5E-E454-4AC8-99E1-A8D23D04A8F1}.Release|Any CPU.ActiveCfg = Release|Any CPU
		{57F04D5E-E454-4AC8-99E1-A8D23D04A8F1}.Release|Any CPU.Build.0 = Release|Any CPU
	EndGlobalSection
	GlobalSection(SolutionProperties) = preSolution
		HideSolutionNode = FALSE
	EndGlobalSection
	GlobalSection(ExtensibilityGlobals) = postSolution
		SolutionGuid = {DC5D7C6F-6763-4F7B-A816-5778816F3756}
	EndGlobalSection
EndGlobal
